
Microsoft Visual Studio Solution File, Format Version 12.00
# Visual Studio Version 17
VisualStudioVersion = 17.14.36414.22
MinimumVisualStudioVersion = 10.0.40219.1
Project("{8BC9CEB8-8B4A-11D0-8D11-00A0C91BC942}") = "DBOperations", "DBOperations\DBOperations.vcxproj", "{FA3EF00A-5C1F-44CA-8C6A-680899CF3180}"
EndProject
Global
	GlobalSection(SolutionConfigurationPlatforms) = preSolution
		Debug|x64 = Debug|x64
		Debug|x86 = Debug|x86
		Release|x64 = Release|x64
		Release|x86 = Release|x86
	EndGlobalSection
	GlobalSection(ProjectConfigurationPlatforms) = postSolution
		{FA3EF00A-5C1F-44CA-8C6A-680899CF3180}.Debug|x64.ActiveCfg = Debug|x64
		{FA3EF00A-5C1F-44CA-8C6A-680899CF3180}.Debug|x64.Build.0 = Debug|x64
		{FA3EF00A-5C1F-44CA-8C6A-680899CF3180}.Debug|x86.ActiveCfg = Debug|Win32
		{FA3EF00A-5C1F-44CA-8C6A-680899CF3180}.Debug|x86.Build.0 = Debug|Win32
		{FA3EF00A-5C1F-44CA-8C6A-680899CF3180}.Release|x64.ActiveCfg = Release|x64
		{FA3EF00A-5C1F-44CA-8C6A-680899CF3180}.Release|x64.Build.0 = Release|x64
		{FA3EF00A-5C1F-44CA-8C6A-680899CF3180}.Release|x86.ActiveCfg = Release|Win32
		{FA3EF00A-5C1F-44CA-8C6A-680899CF3180}.Release|x86.Build.0 = Release|Win32
	EndGlobalSection
	GlobalSection(SolutionProperties) = preSolution
		HideSolutionNode = FALSE
	EndGlobalSection
	GlobalSection(ExtensibilityGlobals) = postSolution
		SolutionGuid = {1F3E1616-95A3-4271-8F1F-92005C339479}
	EndGlobalSection
EndGlobal
